// !$*UTF8*$!
{
	archiveVersion = 1;
	classes = {
	};
	objectVersion = 46;
	objects = {

/* Begin PBXBuildFile section */
		22100DB41A6A2A440012970A /* main.cpp in Sources */ = {isa = PBXBuildFile; fileRef = 22100DB31A6A2A440012970A /* main.cpp */; };
		22100DBC1A6A2A690012970A /* myString.cpp in Sources */ = {isa = PBXBuildFile; fileRef = 22100DBA1A6A2A690012970A /* myString.cpp */; };
/* End PBXBuildFile section */

/* Begin PBXCopyFilesBuildPhase section */
		22100DAE1A6A2A440012970A /* CopyFiles */ = {
			isa = PBXCopyFilesBuildPhase;
			buildActionMask = 2147483647;
			dstPath = /usr/share/man/man1/;
			dstSubfolderSpec = 0;
			files = (
			);
			runOnlyForDeploymentPostprocessing = 1;
		};
/* End PBXCopyFilesBuildPhase section */

/* Begin PBXFileReference section */
		22100DB01A6A2A440012970A /* CopyOnWritePractice */ = {isa = PBXFileReference; explicitFileType = "compiled.mach-o.executable"; includeInIndex = 0; path = CopyOnWritePractice; sourceTree = BUILT_PRODUCTS_DIR; };
		22100DB31A6A2A440012970A /* main.cpp */ = {isa = PBXFileReference; lastKnownFileType = sourcecode.cpp.cpp; path = main.cpp; sourceTree = "<group>"; };
		22100DBA1A6A2A690012970A /* myString.cpp */ = {isa = PBXFileReference; fileEncoding = 4; lastKnownFileType = sourcecode.cpp.cpp; path = myString.cpp; sourceTree = "<group>"; };
		22100DBB1A6A2A690012970A /* myString.h */ = {isa = PBXFileReference; fileEncoding = 4; lastKnownFileType = sourcecode.c.h; path = myString.h; sourceTree = "<group>"; };
/* End PBXFileReference section */

/* Begin PBXFrameworksBuildPhase section */
		22100DAD1A6A2A440012970A /* Frameworks */ = {
			isa = PBXFrameworksBuildPhase;
			buildActionMask = 2147483647;
			files = (
			);
			runOnlyForDeploymentPostprocessing = 0;
		};
/* End PBXFrameworksBuildPhase section */

/* Begin PBXGroup section */
		22100DA71A6A2A440012970A = {
			isa = PBXGroup;
			children = (
				22100DB21A6A2A440012970A /* CopyOnWritePractice */,
				22100DB11A6A2A440012970A /* Products */,
			);
			sourceTree = "<group>";
		};
		22100DB11A6A2A440012970A /* Products */ = {
			isa = PBXGroup;
			children = (
				22100DB01A6A2A440012970A /* CopyOnWritePractice */,
			);
			name = Products;
			sourceTree = "<group>";
		};
		22100DB21A6A2A440012970A /* CopyOnWritePractice */ = {
			isa = PBXGroup;
			children = (
				22100DB31A6A2A440012970A /* main.cpp */,
				22100DBA1A6A2A690012970A /* myString.cpp */,
				22100DBB1A6A2A690012970A /* myString.h */,
			);
			path = CopyOnWritePractice;
			sourceTree = "<group>";
		};
/* End PBXGroup section */

/* Begin PBXNativeTarget section */
		22100DAF1A6A2A440012970A /* CopyOnWritePractice */ = {
			isa = PBXNativeTarget;
			buildConfigurationList = 22100DB71A6A2A440012970A /* Build configuration list for PBXNativeTarget "CopyOnWritePractice" */;
			buildPhases = (
				22100DAC1A6A2A440012970A /* Sources */,
				22100DAD1A6A2A440012970A /* Frameworks */,
				22100DAE1A6A2A440012970A /* CopyFiles */,
			);
			buildRules = (
			);
			dependencies = (
			);
			name = CopyOnWritePractice;
			productName = CopyOnWritePractice;
			productReference = 22100DB01A6A2A440012970A /* CopyOnWritePractice */;
			productType = "com.apple.product-type.tool";
		};
/* End PBXNativeTarget section */

/* Begin PBXProject section */
		22100DA81A6A2A440012970A /* Project object */ = {
			isa = PBXProject;
			attributes = {
				LastUpgradeCheck = 0610;
				ORGANIZATIONNAME = "Tim Lobes";
				TargetAttributes = {
					22100DAF1A6A2A440012970A = {
						CreatedOnToolsVersion = 6.1.1;
					};
				};
			};
			buildConfigurationList = 22100DAB1A6A2A440012970A /* Build configuration list for PBXProject "CopyOnWritePractice" */;
			compatibilityVersion = "Xcode 3.2";
			developmentRegion = English;
			hasScannedForEncodings = 0;
			knownRegions = (
				en,
			);
			mainGroup = 22100DA71A6A2A440012970A;
			productRefGroup = 22100DB11A6A2A440012970A /* Products */;
			projectDirPath = "";
			projectRoot = "";
			targets = (
				22100DAF1A6A2A440012970A /* CopyOnWritePractice */,
			);
		};
/* End PBXProject section */

/* Begin PBXSourcesBuildPhase section */
		22100DAC1A6A2A440012970A /* Sources */ = {
			isa = PBXSourcesBuildPhase;
			buildActionMask = 2147483647;
			files = (
				22100DBC1A6A2A690012970A /* myString.cpp in Sources */,
				22100DB41A6A2A440012970A /* main.cpp in Sources */,
			);
			runOnlyForDeploymentPostprocessing = 0;
		};
/* End PBXSourcesBuildPhase section */

/* Begin XCBuildConfiguration section */
		22100DB51A6A2A440012970A /* Debug */ = {
			isa = XCBuildConfiguration;
			buildSettings = {
				ALWAYS_SEARCH_USER_PATHS = NO;
				CLANG_CXX_LANGUAGE_STANDARD = "gnu++0x";
				CLANG_CXX_LIBRARY = "libc++";
				CLANG_ENABLE_MODULES = YES;
				CLANG_ENABLE_OBJC_ARC = YES;
				CLANG_WARN_BOOL_CONVERSION = YES;
				CLANG_WARN_CONSTANT_CONVERSION = YES;
				CLANG_WARN_DIRECT_OBJC_ISA_USAGE = YES_ERROR;
				CLANG_WARN_EMPTY_BODY = YES;
				CLANG_WARN_ENUM_CONVERSION = YES;
				CLANG_WARN_INT_CONVERSION = YES;
				CLANG_WARN_OBJC_ROOT_CLASS = YES_ERROR;
				CLANG_WARN_UNREACHABLE_CODE = YES;
				CLANG_WARN__DUPLICATE_METHOD_MATCH = YES;
				COPY_PHASE_STRIP = NO;
				ENABLE_STRICT_OBJC_MSGSEND = YES;
				GCC_C_LANGUAGE_STANDARD = gnu99;
				GCC_DYNAMIC_NO_PIC = NO;
				GCC_OPTIMIZATION_LEVEL = 0;
				GCC_PREPROCESSOR_DEFINITIONS = (
					"DEBUG=1",
					"$(inherited)",
				);
				GCC_SYMBOLS_PRIVATE_EXTERN = NO;
				GCC_WARN_64_TO_32_BIT_CONVERSION = YES;
				GCC_WARN_ABOUT_RETURN_TYPE = YES_ERROR;
				GCC_WARN_UNDECLARED_SELECTOR = YES;
				GCC_WARN_UNINITIALIZED_AUTOS = YES_AGGRESSIVE;
				GCC_WARN_UNUSED_FUNCTION = YES;
				GCC_WARN_UNUSED_VARIABLE = YES;
				MACOSX_DEPLOYMENT_TARGET = 10.10;
				MTL_ENABLE_DEBUG_INFO = YES;
				ONLY_ACTIVE_ARCH = YES;
				SDKROOT = macosx;
			};
			name = Debug;
		};
		22100DB61A6A2A440012970A /* Release */ = {
			isa = XCBuildConfiguration;
			buildSettings = {
				ALWAYS_SEARCH_USER_PATHS = NO;
				CLANG_CXX_LANGUAGE_STANDARD = "gnu++0x";
				CLANG_CXX_LIBRARY = "libc++";
				CLANG_ENABLE_MODULES = YES;
				CLANG_ENABLE_OBJC_ARC = YES;
				CLANG_WARN_BOOL_CONVERSION = YES;
				CLANG_WARN_CONSTANT_CONVERSION = YES;
				CLANG_WARN_DIRECT_OBJC_ISA_USAGE = YES_ERROR;
				CLANG_WARN_EMPTY_BODY = YES;
				CLANG_WARN_ENUM_CONVERSION = YES;
				CLANG_WARN_INT_CONVERSION = YES;
				CLANG_WARN_OBJC_ROOT_CLASS = YES_ERROR;
				CLANG_WARN_UNREACHABLE_CODE = YES;
				CLANG_WARN__DUPLICATE_METHOD_MATCH = YES;
				COPY_PHASE_STRIP = YES;
				DEBUG_INFORMATION_FORMAT = "dwarf-with-dsym";
				ENABLE_NS_ASSERTIONS = NO;
				ENABLE_STRICT_OBJC_MSGSEND = YES;
				GCC_C_LANGUAGE_STANDARD = gnu99;
				GCC_WARN_64_TO_32_BIT_CONVERSION = YES;
				GCC_WARN_ABOUT_RETURN_TYPE = YES_ERROR;
				GCC_WARN_UNDECLARED_SELECTOR = YES;
				GCC_WARN_UNINITIALIZED_AUTOS = YES_AGGRESSIVE;
				GCC_WARN_UNUSED_FUNCTION = YES;
				GCC_WARN_UNUSED_VARIABLE = YES;
				MACOSX_DEPLOYMENT_TARGET = 10.10;
				MTL_ENABLE_DEBUG_INFO = NO;
				SDKROOT = macosx;
			};
			name = Release;
		};
		22100DB81A6A2A440012970A /* Debug */ = {
			isa = XCBuildConfiguration;
			buildSettings = {
				PRODUCT_NAME = "$(TARGET_NAME)";
			};
			name = Debug;
		};
		22100DB91A6A2A440012970A /* Release */ = {
			isa = XCBuildConfiguration;
			buildSettings = {
				PRODUCT_NAME = "$(TARGET_NAME)";
			};
			name = Release;
		};
/* End XCBuildConfiguration section */

/* Begin XCConfigurationList section */
		22100DAB1A6A2A440012970A /* Build configuration list for PBXProject "CopyOnWritePractice" */ = {
			isa = XCConfigurationList;
			buildConfigurations = (
				22100DB51A6A2A440012970A /* Debug */,
				22100DB61A6A2A440012970A /* Release */,
			);
			defaultConfigurationIsVisible = 0;
			defaultConfigurationName = Release;
		};
		22100DB71A6A2A440012970A /* Build configuration list for PBXNativeTarget "CopyOnWritePractice" */ = {
			isa = XCConfigurationList;
			buildConfigurations = (
				22100DB81A6A2A440012970A /* Debug */,
				22100DB91A6A2A440012970A /* Release */,
			);
			defaultConfigurationIsVisible = 0;
		};
/* End XCConfigurationList section */
	};
	rootObject = 22100DA81A6A2A440012970A /* Project object */;
}
